
Microsoft Visual Studio Solution File, Format Version 12.00
# Visual Studio 15
VisualStudioVersion = 15.0.27428.2037
MinimumVisualStudioVersion = 10.0.40219.1
Project("{FAE04EC0-301F-11D3-BF4B-00C04F79EFBC}") = "Pilot_April18", "Pilot_April18\Pilot_April18.csproj", "{1AAC46E1-E0F6-4776-A6F7-4791A4B5044A}"
EndProject
Global
	GlobalSection(SolutionConfigurationPlatforms) = preSolution
		Debug|Any CPU = Debug|Any CPU
		Release|Any CPU = Release|Any CPU
	EndGlobalSection
	GlobalSection(ProjectConfigurationPlatforms) = postSolution
		{1AAC46E1-E0F6-4776-A6F7-4791A4B5044A}.Debug|Any CPU.ActiveCfg = Debug|Any CPU
		{1AAC46E1-E0F6-4776-A6F7-4791A4B5044A}.Debug|Any CPU.Build.0 = Debug|Any CPU
		{1AAC46E1-E0F6-4776-A6F7-4791A4B5044A}.Release|Any CPU.ActiveCfg = Release|Any CPU
		{1AAC46E1-E0F6-4776-A6F7-4791A4B5044A}.Release|Any CPU.Build.0 = Release|Any CPU
	EndGlobalSection
	GlobalSection(SolutionProperties) = preSolution
		HideSolutionNode = FALSE
	EndGlobalSection
	GlobalSection(ExtensibilityGlobals) = postSolution
		SolutionGuid = {A3AEF30C-1271-4E9A-8A15-FFB004926057}
	EndGlobalSection
EndGlobal
