Microsoft Visual Studio Solution File, Format Version 12.00
# Visual Studio 14
VisualStudioVersion = 14.0.25420.1
MinimumVisualStudioVersion = 10.0.40219.1
Project("{FAE04EC0-301F-11D3-BF4B-00C04F79EFBC}") = "TextTest", "TextTest.csproj", "{48AB6434-C50A-41B0-B6AC-F474F7134FB3}"
EndProject
Project("{FAE04EC0-301F-11D3-BF4B-00C04F79EFBC}") = "TcpSendText", "TcpSendText\TcpSendText.csproj", "{C5AB4509-D2EE-40DA-8F78-E8E63410FED2}"
EndProject
Global
	GlobalSection(SolutionConfigurationPlatforms) = preSolution
		Debug|Any CPU = Debug|Any CPU
		Release|Any CPU = Release|Any CPU
	EndGlobalSection
	GlobalSection(ProjectConfigurationPlatforms) = postSolution
		{48AB6434-C50A-41B0-B6AC-F474F7134FB3}.Debug|Any CPU.ActiveCfg = Debug|Any CPU
		{48AB6434-C50A-41B0-B6AC-F474F7134FB3}.Debug|Any CPU.Build.0 = Debug|Any CPU
		{48AB6434-C50A-41B0-B6AC-F474F7134FB3}.Release|Any CPU.ActiveCfg = Release|Any CPU
		{48AB6434-C50A-41B0-B6AC-F474F7134FB3}.Release|Any CPU.Build.0 = Release|Any CPU
		{C5AB4509-D2EE-40DA-8F78-E8E63410FED2}.Debug|Any CPU.ActiveCfg = Debug|Any CPU
		{C5AB4509-D2EE-40DA-8F78-E8E63410FED2}.Debug|Any CPU.Build.0 = Debug|Any CPU
		{C5AB4509-D2EE-40DA-8F78-E8E63410FED2}.Release|Any CPU.ActiveCfg = Release|Any CPU
		{C5AB4509-D2EE-40DA-8F78-E8E63410FED2}.Release|Any CPU.Build.0 = Release|Any CPU
	EndGlobalSection
	GlobalSection(SolutionProperties) = preSolution
		HideSolutionNode = FALSE
	EndGlobalSection
EndGlobal
