
Microsoft Visual Studio Solution File, Format Version 12.00
# Visual Studio 14
VisualStudioVersion = 14.0.25420.1
MinimumVisualStudioVersion = 10.0.40219.1
Project("{FAE04EC0-301F-11D3-BF4B-00C04F79EFBC}") = "WPF-Pilot-0", "WPF-Pilot-0\WPF-Pilot-0.csproj", "{7B215B5D-8817-4E14-BFA6-FFAC156425AB}"
EndProject
Global
	GlobalSection(SolutionConfigurationPlatforms) = preSolution
		Debug|Any CPU = Debug|Any CPU
		Release|Any CPU = Release|Any CPU
	EndGlobalSection
	GlobalSection(ProjectConfigurationPlatforms) = postSolution
		{7B215B5D-8817-4E14-BFA6-FFAC156425AB}.Debug|Any CPU.ActiveCfg = Debug|Any CPU
		{7B215B5D-8817-4E14-BFA6-FFAC156425AB}.Debug|Any CPU.Build.0 = Debug|Any CPU
		{7B215B5D-8817-4E14-BFA6-FFAC156425AB}.Release|Any CPU.ActiveCfg = Release|Any CPU
		{7B215B5D-8817-4E14-BFA6-FFAC156425AB}.Release|Any CPU.Build.0 = Release|Any CPU
	EndGlobalSection
	GlobalSection(SolutionProperties) = preSolution
		HideSolutionNode = FALSE
	EndGlobalSection
EndGlobal
